
Microsoft Visual Studio Solution File, Format Version 12.00
# Visual Studio Version 17
VisualStudioVersion = 17.3.32929.385
MinimumVisualStudioVersion = 10.0.40219.1
Project("{FAE04EC0-301F-11D3-BF4B-00C04F79EFBC}") = "csharp-ecommerce-db", "csharp-ecommerce-db.csproj", "{251CB042-04B1-4717-BCAA-C54FBD5D14A9}"
EndProject
Global
	GlobalSection(SolutionConfigurationPlatforms) = preSolution
		Debug|Any CPU = Debug|Any CPU
		Release|Any CPU = Release|Any CPU
	EndGlobalSection
	GlobalSection(ProjectConfigurationPlatforms) = postSolution
		{251CB042-04B1-4717-BCAA-C54FBD5D14A9}.Debug|Any CPU.ActiveCfg = Debug|Any CPU
		{251CB042-04B1-4717-BCAA-C54FBD5D14A9}.Debug|Any CPU.Build.0 = Debug|Any CPU
		{251CB042-04B1-4717-BCAA-C54FBD5D14A9}.Release|Any CPU.ActiveCfg = Release|Any CPU
		{251CB042-04B1-4717-BCAA-C54FBD5D14A9}.Release|Any CPU.Build.0 = Release|Any CPU
	EndGlobalSection
	GlobalSection(SolutionProperties) = preSolution
		HideSolutionNode = FALSE
	EndGlobalSection
	GlobalSection(ExtensibilityGlobals) = postSolution
		SolutionGuid = {017E2282-E351-4F0E-BD5D-0982682A2C47}
	EndGlobalSection
EndGlobal
